[[package]]
name = "bottle"
version = "0.12.21"
summary = "Fast and simple WSGI-framework for small web-applications."

[[package]]
name = "python-dotenv"
version = "0.20.0"
requires_python = ">=3.5"
summary = "Read key-value pairs from a .env file and set them as environment variables"

[metadata]
lock_version = "4.0"
content_hash = "sha256:d4aaed2f7ec2ed1ae02d512ce9c4ca5e213c9d6e3367edc1ad4488c427fe6d92"

[metadata.files]
"bottle 0.12.21" = [
    {url = "https://files.pythonhosted.org/packages/95/e3/5749d7657b6fb38d65afb3c0b345514a783de7a9feb4fab594fa0bacc2a0/bottle-0.12.21.tar.gz", hash = "sha256:787c61b6cc02b9c229bf2663011fac53dd8fc197f7f8ad2eeede29d888d7887e"},
    {url = "https://files.pythonhosted.org/packages/ef/1a/bdc522f3e6540b73b22081797ce985ef3cb2b77143f70b506ccd9d93a83d/bottle-0.12.21-py3-none-any.whl", hash = "sha256:6e1c9817019dae3a8c20adacaf09035251798d2ae2fcc8ce43157ee72965f257"},
]
"python-dotenv 0.20.0" = [
    {url = "https://files.pythonhosted.org/packages/02/ee/43e1c862a3e7259a1f264958eaea144f0a2fac9f175c1659c674c34ea506/python-dotenv-0.20.0.tar.gz", hash = "sha256:b7e3b04a59693c42c36f9ab1cc2acc46fa5df8c78e178fc33a8d4cd05c8d498f"},
    {url = "https://files.pythonhosted.org/packages/30/5f/2e5c564bd86349fe6b82ca840f46acf6f4bb76d79ba9057fce3d3e008864/python_dotenv-0.20.0-py3-none-any.whl", hash = "sha256:d92a187be61fe482e4fd675b6d52200e7be63a12b724abbf931a40ce4fa92938"},
]
